
Microsoft Visual Studio Solution File, Format Version 12.00
# Visual Studio Version 16
VisualStudioVersion = 16.0.29215.179
MinimumVisualStudioVersion = 10.0.40219.1
Project("{FAE04EC0-301F-11D3-BF4B-00C04F79EFBC}") = "SoinsTUnitaires", "SoinsTUnitaires\SoinsTUnitaires.csproj", "{C350AAF8-5293-4FCD-ADB2-A24F727DA0D6}"
EndProject
Project("{FAE04EC0-301F-11D3-BF4B-00C04F79EFBC}") = "SoinsTUnitairesTests", "SoinsTUnitairesTests\SoinsTUnitairesTests.csproj", "{AF2F1017-926C-4104-A792-36CF830CA4D8}"
EndProject
Global
	GlobalSection(SolutionConfigurationPlatforms) = preSolution
		Debug|Any CPU = Debug|Any CPU
		Release|Any CPU = Release|Any CPU
	EndGlobalSection
	GlobalSection(ProjectConfigurationPlatforms) = postSolution
		{C350AAF8-5293-4FCD-ADB2-A24F727DA0D6}.Debug|Any CPU.ActiveCfg = Debug|Any CPU
		{C350AAF8-5293-4FCD-ADB2-A24F727DA0D6}.Debug|Any CPU.Build.0 = Debug|Any CPU
		{C350AAF8-5293-4FCD-ADB2-A24F727DA0D6}.Release|Any CPU.ActiveCfg = Release|Any CPU
		{C350AAF8-5293-4FCD-ADB2-A24F727DA0D6}.Release|Any CPU.Build.0 = Release|Any CPU
		{AF2F1017-926C-4104-A792-36CF830CA4D8}.Debug|Any CPU.ActiveCfg = Debug|Any CPU
		{AF2F1017-926C-4104-A792-36CF830CA4D8}.Debug|Any CPU.Build.0 = Debug|Any CPU
		{AF2F1017-926C-4104-A792-36CF830CA4D8}.Release|Any CPU.ActiveCfg = Release|Any CPU
		{AF2F1017-926C-4104-A792-36CF830CA4D8}.Release|Any CPU.Build.0 = Release|Any CPU
	EndGlobalSection
	GlobalSection(SolutionProperties) = preSolution
		HideSolutionNode = FALSE
	EndGlobalSection
	GlobalSection(ExtensibilityGlobals) = postSolution
		SolutionGuid = {BF0131BA-89AE-48F4-9FF9-FB38057AEEAB}
	EndGlobalSection
EndGlobal
